
Microsoft Visual Studio Solution File, Format Version 12.00
# Visual Studio Version 16
VisualStudioVersion = 16.0.30523.141
MinimumVisualStudioVersion = 10.0.40219.1
Project("{FAE04EC0-301F-11D3-BF4B-00C04F79EFBC}") = "WindowsFormsApp2", "WindowsFormsApp2\WindowsFormsApp2.csproj", "{69C56CBE-BFB7-46BB-B392-1468143C5538}"
EndProject
Global
	GlobalSection(SolutionConfigurationPlatforms) = preSolution
		Debug|Any CPU = Debug|Any CPU
		Release|Any CPU = Release|Any CPU
	EndGlobalSection
	GlobalSection(ProjectConfigurationPlatforms) = postSolution
		{69C56CBE-BFB7-46BB-B392-1468143C5538}.Debug|Any CPU.ActiveCfg = Debug|Any CPU
		{69C56CBE-BFB7-46BB-B392-1468143C5538}.Debug|Any CPU.Build.0 = Debug|Any CPU
		{69C56CBE-BFB7-46BB-B392-1468143C5538}.Release|Any CPU.ActiveCfg = Release|Any CPU
		{69C56CBE-BFB7-46BB-B392-1468143C5538}.Release|Any CPU.Build.0 = Release|Any CPU
	EndGlobalSection
	GlobalSection(SolutionProperties) = preSolution
		HideSolutionNode = FALSE
	EndGlobalSection
	GlobalSection(ExtensibilityGlobals) = postSolution
		SolutionGuid = {4462FB82-8938-4D58-8314-9A0715834693}
	EndGlobalSection
EndGlobal
